// !$*UTF8*$!
{
	archiveVersion = 1;
	classes = {
	};
	objectVersion = 46;
	objects = {

/* Begin PBXBuildFile section */
		17213C681E8021B5000678DD /* HistoryViewController.m in Sources */ = {isa = PBXBuildFile; fileRef = 17213C651E8021B5000678DD /* HistoryViewController.m */; };
		17213C691E8021B5000678DD /* ShareViewController.m in Sources */ = {isa = PBXBuildFile; fileRef = 17213C671E8021B5000678DD /* ShareViewController.m */; };
		941854201E75E1C800C1482D /* main.m in Sources */ = {isa = PBXBuildFile; fileRef = 9418541F1E75E1C800C1482D /* main.m */; };
		941854231E75E1C800C1482D /* AppDelegate.m in Sources */ = {isa = PBXBuildFile; fileRef = 941854221E75E1C800C1482D /* AppDelegate.m */; };
		941854261E75E1C800C1482D /* ViewController.m in Sources */ = {isa = PBXBuildFile; fileRef = 941854251E75E1C800C1482D /* ViewController.m */; };
		941854291E75E1C800C1482D /* Main.storyboard in Resources */ = {isa = PBXBuildFile; fileRef = 941854271E75E1C800C1482D /* Main.storyboard */; };
		9418542B1E75E1C800C1482D /* Assets.xcassets in Resources */ = {isa = PBXBuildFile; fileRef = 9418542A1E75E1C800C1482D /* Assets.xcassets */; };
		9418542E1E75E1C800C1482D /* LaunchScreen.storyboard in Resources */ = {isa = PBXBuildFile; fileRef = 9418542C1E75E1C800C1482D /* LaunchScreen.storyboard */; };
		9418543A1E76185A00C1482D /* WebViewController.m in Sources */ = {isa = PBXBuildFile; fileRef = 941854391E76185A00C1482D /* WebViewController.m */; };
		9418543D1E76186500C1482D /* EditViewController.m in Sources */ = {isa = PBXBuildFile; fileRef = 9418543C1E76186500C1482D /* EditViewController.m */; };
		941854411E761A7D00C1482D /* PictureProcessor.m in Sources */ = {isa = PBXBuildFile; fileRef = 941854401E761A7D00C1482D /* PictureProcessor.m */; };
		941854441E761A9300C1482D /* Sticker.m in Sources */ = {isa = PBXBuildFile; fileRef = 941854431E761A9300C1482D /* Sticker.m */; };
		941854471E76264100C1482D /* FontViewController.m in Sources */ = {isa = PBXBuildFile; fileRef = 941854461E76264100C1482D /* FontViewController.m */; };
		941854501E7636D800C1482D /* person.png in Resources */ = {isa = PBXBuildFile; fileRef = 9418544F1E7636D800C1482D /* person.png */; };
		9418545A1E7636F400C1482D /* Funny-Face_Glasses.png in Resources */ = {isa = PBXBuildFile; fileRef = 941854511E7636F400C1482D /* Funny-Face_Glasses.png */; };
		9418545B1E7636F400C1482D /* glass-tina-fey.png in Resources */ = {isa = PBXBuildFile; fileRef = 941854521E7636F400C1482D /* glass-tina-fey.png */; };
		9418545C1E7636F400C1482D /* glasses_pink.png in Resources */ = {isa = PBXBuildFile; fileRef = 941854531E7636F400C1482D /* glasses_pink.png */; };
		9418545D1E7636F400C1482D /* hammer_PNG3888.png in Resources */ = {isa = PBXBuildFile; fileRef = 941854541E7636F400C1482D /* hammer_PNG3888.png */; };
		9418545E1E7636F400C1482D /* hat.png in Resources */ = {isa = PBXBuildFile; fileRef = 941854551E7636F400C1482D /* hat.png */; };
		9418545F1E7636F400C1482D /* heart.png in Resources */ = {isa = PBXBuildFile; fileRef = 941854561E7636F400C1482D /* heart.png */; };
		941854601E7636F400C1482D /* sparkle.png in Resources */ = {isa = PBXBuildFile; fileRef = 941854571E7636F400C1482D /* sparkle.png */; };
		941854611E7636F400C1482D /* Star-PNG-Clipart.png in Resources */ = {isa = PBXBuildFile; fileRef = 941854581E7636F400C1482D /* Star-PNG-Clipart.png */; };
		941854621E7636F400C1482D /* sword-png-16.png in Resources */ = {isa = PBXBuildFile; fileRef = 941854591E7636F400C1482D /* sword-png-16.png */; };
		941C7D041E8B451D00552BB6 /* sticker-background-selected.png in Resources */ = {isa = PBXBuildFile; fileRef = 941C7D031E8B451D00552BB6 /* sticker-background-selected.png */; };
		94297AEC1E9E57DC008E127A /* CoreGraphics.framework in Frameworks */ = {isa = PBXBuildFile; fileRef = 94297AEB1E9E57DC008E127A /* CoreGraphics.framework */; };
		94297AEE1E9E57E2008E127A /* Foundation.framework in Frameworks */ = {isa = PBXBuildFile; fileRef = 94297AED1E9E57E2008E127A /* Foundation.framework */; };
		94297AF01E9E5949008E127A /* UIKit.framework in Frameworks */ = {isa = PBXBuildFile; fileRef = 94297AEF1E9E5949008E127A /* UIKit.framework */; };
		94297AF31E9E5B11008E127A /* UIImage+OrientationFix.m in Sources */ = {isa = PBXBuildFile; fileRef = 94297AF21E9E5B11008E127A /* UIImage+OrientationFix.m */; };
		94297AF51E9E5FBA008E127A /* ghost.png in Resources */ = {isa = PBXBuildFile; fileRef = 94297AF41E9E5FBA008E127A /* ghost.png */; };
		AEDE6A3A1E802896004E3015 /* UserViewController.m in Sources */ = {isa = PBXBuildFile; fileRef = AEDE6A391E802896004E3015 /* UserViewController.m */; };
		AEF787771E9DDB3200833CD3 /* Store.m in Sources */ = {isa = PBXBuildFile; fileRef = AEF787761E9DDB3200833CD3 /* Store.m */; };
		AEF9995F1E8D565A006CFF5E /* TemplateCollectionViewController.m in Sources */ = {isa = PBXBuildFile; fileRef = AEF9995E1E8D565A006CFF5E /* TemplateCollectionViewController.m */; };
/* End PBXBuildFile section */

/* Begin PBXFileReference section */
		17213C641E8021B5000678DD /* HistoryViewController.h */ = {isa = PBXFileReference; fileEncoding = 4; lastKnownFileType = sourcecode.c.h; path = HistoryViewController.h; sourceTree = "<group>"; };
		17213C651E8021B5000678DD /* HistoryViewController.m */ = {isa = PBXFileReference; fileEncoding = 4; lastKnownFileType = sourcecode.c.objc; path = HistoryViewController.m; sourceTree = "<group>"; };
		17213C661E8021B5000678DD /* ShareViewController.h */ = {isa = PBXFileReference; fileEncoding = 4; lastKnownFileType = sourcecode.c.h; path = ShareViewController.h; sourceTree = "<group>"; };
		17213C671E8021B5000678DD /* ShareViewController.m */ = {isa = PBXFileReference; fileEncoding = 4; lastKnownFileType = sourcecode.c.objc; path = ShareViewController.m; sourceTree = "<group>"; };
		9418541B1E75E1C800C1482D /* iOS_project_ryan.app */ = {isa = PBXFileReference; explicitFileType = wrapper.application; includeInIndex = 0; path = iOS_project_ryan.app; sourceTree = BUILT_PRODUCTS_DIR; };
		9418541F1E75E1C800C1482D /* main.m */ = {isa = PBXFileReference; lastKnownFileType = sourcecode.c.objc; path = main.m; sourceTree = "<group>"; };
		941854211E75E1C800C1482D /* AppDelegate.h */ = {isa = PBXFileReference; lastKnownFileType = sourcecode.c.h; path = AppDelegate.h; sourceTree = "<group>"; };
		941854221E75E1C800C1482D /* AppDelegate.m */ = {isa = PBXFileReference; lastKnownFileType = sourcecode.c.objc; path = AppDelegate.m; sourceTree = "<group>"; };
		941854241E75E1C800C1482D /* ViewController.h */ = {isa = PBXFileReference; lastKnownFileType = sourcecode.c.h; path = ViewController.h; sourceTree = "<group>"; };
		941854251E75E1C800C1482D /* ViewController.m */ = {isa = PBXFileReference; lastKnownFileType = sourcecode.c.objc; path = ViewController.m; sourceTree = "<group>"; };
		941854281E75E1C800C1482D /* Base */ = {isa = PBXFileReference; lastKnownFileType = file.storyboard; name = Base; path = Base.lproj/Main.storyboard; sourceTree = "<group>"; };
		9418542A1E75E1C800C1482D /* Assets.xcassets */ = {isa = PBXFileReference; lastKnownFileType = folder.assetcatalog; path = Assets.xcassets; sourceTree = "<group>"; };
		9418542D1E75E1C800C1482D /* Base */ = {isa = PBXFileReference; lastKnownFileType = file.storyboard; name = Base; path = Base.lproj/LaunchScreen.storyboard; sourceTree = "<group>"; };
		9418542F1E75E1C800C1482D /* Info.plist */ = {isa = PBXFileReference; lastKnownFileType = text.plist.xml; path = Info.plist; sourceTree = "<group>"; };
		941854381E76185A00C1482D /* WebViewController.h */ = {isa = PBXFileReference; fileEncoding = 4; lastKnownFileType = sourcecode.c.h; path = WebViewController.h; sourceTree = "<group>"; };
		941854391E76185A00C1482D /* WebViewController.m */ = {isa = PBXFileReference; fileEncoding = 4; lastKnownFileType = sourcecode.c.objc; path = WebViewController.m; sourceTree = "<group>"; };
		9418543B1E76186500C1482D /* EditViewController.h */ = {isa = PBXFileReference; fileEncoding = 4; lastKnownFileType = sourcecode.c.h; path = EditViewController.h; sourceTree = "<group>"; };
		9418543C1E76186500C1482D /* EditViewController.m */ = {isa = PBXFileReference; fileEncoding = 4; lastKnownFileType = sourcecode.c.objc; path = EditViewController.m; sourceTree = "<group>"; };
		9418543F1E761A7D00C1482D /* PictureProcessor.h */ = {isa = PBXFileReference; fileEncoding = 4; lastKnownFileType = sourcecode.c.h; path = PictureProcessor.h; sourceTree = "<group>"; };
		941854401E761A7D00C1482D /* PictureProcessor.m */ = {isa = PBXFileReference; fileEncoding = 4; lastKnownFileType = sourcecode.c.objc; path = PictureProcessor.m; sourceTree = "<group>"; };
		941854421E761A9300C1482D /* Sticker.h */ = {isa = PBXFileReference; fileEncoding = 4; lastKnownFileType = sourcecode.c.h; path = Sticker.h; sourceTree = "<group>"; };
		941854431E761A9300C1482D /* Sticker.m */ = {isa = PBXFileReference; fileEncoding = 4; lastKnownFileType = sourcecode.c.objc; path = Sticker.m; sourceTree = "<group>"; };
		941854451E76264100C1482D /* FontViewController.h */ = {isa = PBXFileReference; fileEncoding = 4; lastKnownFileType = sourcecode.c.h; path = FontViewController.h; sourceTree = "<group>"; };
		941854461E76264100C1482D /* FontViewController.m */ = {isa = PBXFileReference; fileEncoding = 4; lastKnownFileType = sourcecode.c.objc; path = FontViewController.m; sourceTree = "<group>"; };
		9418544F1E7636D800C1482D /* person.png */ = {isa = PBXFileReference; lastKnownFileType = image.png; path = person.png; sourceTree = "<group>"; };
		941854511E7636F400C1482D /* Funny-Face_Glasses.png */ = {isa = PBXFileReference; lastKnownFileType = image.png; path = "Funny-Face_Glasses.png"; sourceTree = "<group>"; };
		941854521E7636F400C1482D /* glass-tina-fey.png */ = {isa = PBXFileReference; lastKnownFileType = image.png; path = "glass-tina-fey.png"; sourceTree = "<group>"; };
		941854531E7636F400C1482D /* glasses_pink.png */ = {isa = PBXFileReference; lastKnownFileType = image.png; path = glasses_pink.png; sourceTree = "<group>"; };
		941854541E7636F400C1482D /* hammer_PNG3888.png */ = {isa = PBXFileReference; lastKnownFileType = image.png; path = hammer_PNG3888.png; sourceTree = "<group>"; };
		941854551E7636F400C1482D /* hat.png */ = {isa = PBXFileReference; lastKnownFileType = image.png; path = hat.png; sourceTree = "<group>"; };
		941854561E7636F400C1482D /* heart.png */ = {isa = PBXFileReference; lastKnownFileType = image.png; path = heart.png; sourceTree = "<group>"; };
		941854571E7636F400C1482D /* sparkle.png */ = {isa = PBXFileReference; lastKnownFileType = image.png; path = sparkle.png; sourceTree = "<group>"; };
		941854581E7636F400C1482D /* Star-PNG-Clipart.png */ = {isa = PBXFileReference; lastKnownFileType = image.png; path = "Star-PNG-Clipart.png"; sourceTree = "<group>"; };
		941854591E7636F400C1482D /* sword-png-16.png */ = {isa = PBXFileReference; lastKnownFileType = image.png; path = "sword-png-16.png"; sourceTree = "<group>"; };
		941C7D031E8B451D00552BB6 /* sticker-background-selected.png */ = {isa = PBXFileReference; lastKnownFileType = image.png; path = "sticker-background-selected.png"; sourceTree = "<group>"; };
		94297AEB1E9E57DC008E127A /* CoreGraphics.framework */ = {isa = PBXFileReference; lastKnownFileType = wrapper.framework; name = CoreGraphics.framework; path = System/Library/Frameworks/CoreGraphics.framework; sourceTree = SDKROOT; };
		94297AED1E9E57E2008E127A /* Foundation.framework */ = {isa = PBXFileReference; lastKnownFileType = wrapper.framework; name = Foundation.framework; path = System/Library/Frameworks/Foundation.framework; sourceTree = SDKROOT; };
		94297AEF1E9E5949008E127A /* UIKit.framework */ = {isa = PBXFileReference; lastKnownFileType = wrapper.framework; name = UIKit.framework; path = System/Library/Frameworks/UIKit.framework; sourceTree = SDKROOT; };
		94297AF11E9E5B11008E127A /* UIImage+OrientationFix.h */ = {isa = PBXFileReference; fileEncoding = 4; lastKnownFileType = sourcecode.c.h; path = "UIImage+OrientationFix.h"; sourceTree = "<group>"; };
		94297AF21E9E5B11008E127A /* UIImage+OrientationFix.m */ = {isa = PBXFileReference; fileEncoding = 4; lastKnownFileType = sourcecode.c.objc; path = "UIImage+OrientationFix.m"; sourceTree = "<group>"; };
		94297AF41E9E5FBA008E127A /* ghost.png */ = {isa = PBXFileReference; lastKnownFileType = image.png; path = ghost.png; sourceTree = "<group>"; };
		AEDE6A381E802896004E3015 /* UserViewController.h */ = {isa = PBXFileReference; fileEncoding = 4; lastKnownFileType = sourcecode.c.h; path = UserViewController.h; sourceTree = "<group>"; };
		AEDE6A391E802896004E3015 /* UserViewController.m */ = {isa = PBXFileReference; fileEncoding = 4; lastKnownFileType = sourcecode.c.objc; path = UserViewController.m; sourceTree = "<group>"; };
		AEF787751E9DDB3200833CD3 /* Store.h */ = {isa = PBXFileReference; fileEncoding = 4; lastKnownFileType = sourcecode.c.h; path = Store.h; sourceTree = "<group>"; };
		AEF787761E9DDB3200833CD3 /* Store.m */ = {isa = PBXFileReference; fileEncoding = 4; lastKnownFileType = sourcecode.c.objc; path = Store.m; sourceTree = "<group>"; };
		AEF9995D1E8D565A006CFF5E /* TemplateCollectionViewController.h */ = {isa = PBXFileReference; fileEncoding = 4; lastKnownFileType = sourcecode.c.h; path = TemplateCollectionViewController.h; sourceTree = "<group>"; };
		AEF9995E1E8D565A006CFF5E /* TemplateCollectionViewController.m */ = {isa = PBXFileReference; fileEncoding = 4; lastKnownFileType = sourcecode.c.objc; path = TemplateCollectionViewController.m; sourceTree = "<group>"; };
/* End PBXFileReference section */

/* Begin PBXFrameworksBuildPhase section */
		941854181E75E1C800C1482D /* Frameworks */ = {
			isa = PBXFrameworksBuildPhase;
			buildActionMask = 2147483647;
			files = (
				94297AF01E9E5949008E127A /* UIKit.framework in Frameworks */,
				94297AEE1E9E57E2008E127A /* Foundation.framework in Frameworks */,
				94297AEC1E9E57DC008E127A /* CoreGraphics.framework in Frameworks */,
			);
			runOnlyForDeploymentPostprocessing = 0;
		};
/* End PBXFrameworksBuildPhase section */

/* Begin PBXGroup section */
		941854121E75E1C800C1482D = {
			isa = PBXGroup;
			children = (
				9418541D1E75E1C800C1482D /* iOS_project_ryan */,
				9418541C1E75E1C800C1482D /* Products */,
				94297AEA1E9E57DC008E127A /* Frameworks */,
			);
			sourceTree = "<group>";
		};
		9418541C1E75E1C800C1482D /* Products */ = {
			isa = PBXGroup;
			children = (
				9418541B1E75E1C800C1482D /* iOS_project_ryan.app */,
			);
			name = Products;
			sourceTree = "<group>";
		};
		9418541D1E75E1C800C1482D /* iOS_project_ryan */ = {
			isa = PBXGroup;
			children = (
				9418544E1E7636BE00C1482D /* Images */,
				9418543E1E761A2500C1482D /* Model */,
				941854371E76181A00C1482D /* Special Classes */,
				941854361E76181000C1482D /* Nibs */,
				941854351E7617FE00C1482D /* View Controllers */,
				9418541E1E75E1C800C1482D /* Supporting Files */,
			);
			path = iOS_project_ryan;
			sourceTree = "<group>";
		};
		9418541E1E75E1C800C1482D /* Supporting Files */ = {
			isa = PBXGroup;
			children = (
				9418541F1E75E1C800C1482D /* main.m */,
			);
			name = "Supporting Files";
			sourceTree = "<group>";
		};
		941854351E7617FE00C1482D /* View Controllers */ = {
			isa = PBXGroup;
			children = (
				AEDE6A381E802896004E3015 /* UserViewController.h */,
				AEDE6A391E802896004E3015 /* UserViewController.m */,
				17213C641E8021B5000678DD /* HistoryViewController.h */,
				17213C651E8021B5000678DD /* HistoryViewController.m */,
				17213C661E8021B5000678DD /* ShareViewController.h */,
				AEF9995D1E8D565A006CFF5E /* TemplateCollectionViewController.h */,
				AEF9995E1E8D565A006CFF5E /* TemplateCollectionViewController.m */,
				17213C671E8021B5000678DD /* ShareViewController.m */,
				941854251E75E1C800C1482D /* ViewController.m */,
				941854241E75E1C800C1482D /* ViewController.h */,
				941854381E76185A00C1482D /* WebViewController.h */,
				941854391E76185A00C1482D /* WebViewController.m */,
				9418543B1E76186500C1482D /* EditViewController.h */,
				9418543C1E76186500C1482D /* EditViewController.m */,
				941854451E76264100C1482D /* FontViewController.h */,
				941854461E76264100C1482D /* FontViewController.m */,
			);
			name = "View Controllers";
			sourceTree = "<group>";
		};
		941854361E76181000C1482D /* Nibs */ = {
			isa = PBXGroup;
			children = (
				9418542C1E75E1C800C1482D /* LaunchScreen.storyboard */,
				941854271E75E1C800C1482D /* Main.storyboard */,
			);
			name = Nibs;
			sourceTree = "<group>";
		};
		941854371E76181A00C1482D /* Special Classes */ = {
			isa = PBXGroup;
			children = (
				941854211E75E1C800C1482D /* AppDelegate.h */,
				941854221E75E1C800C1482D /* AppDelegate.m */,
				94297AF11E9E5B11008E127A /* UIImage+OrientationFix.h */,
				94297AF21E9E5B11008E127A /* UIImage+OrientationFix.m */,
				9418542F1E75E1C800C1482D /* Info.plist */,
				9418542A1E75E1C800C1482D /* Assets.xcassets */,
				AEF787751E9DDB3200833CD3 /* Store.h */,
				AEF787761E9DDB3200833CD3 /* Store.m */,
			);
			name = "Special Classes";
			sourceTree = "<group>";
		};
		9418543E1E761A2500C1482D /* Model */ = {
			isa = PBXGroup;
			children = (
				9418543F1E761A7D00C1482D /* PictureProcessor.h */,
				941854401E761A7D00C1482D /* PictureProcessor.m */,
				941854421E761A9300C1482D /* Sticker.h */,
				941854431E761A9300C1482D /* Sticker.m */,
			);
			name = Model;
			sourceTree = "<group>";
		};
		9418544E1E7636BE00C1482D /* Images */ = {
			isa = PBXGroup;
			children = (
				941854511E7636F400C1482D /* Funny-Face_Glasses.png */,
				941854521E7636F400C1482D /* glass-tina-fey.png */,
				94297AF41E9E5FBA008E127A /* ghost.png */,
				941854531E7636F400C1482D /* glasses_pink.png */,
				941854541E7636F400C1482D /* hammer_PNG3888.png */,
				941C7D031E8B451D00552BB6 /* sticker-background-selected.png */,
				941854551E7636F400C1482D /* hat.png */,
				941854561E7636F400C1482D /* heart.png */,
				941854571E7636F400C1482D /* sparkle.png */,
				941854581E7636F400C1482D /* Star-PNG-Clipart.png */,
				941854591E7636F400C1482D /* sword-png-16.png */,
				9418544F1E7636D800C1482D /* person.png */,
			);
			name = Images;
			sourceTree = "<group>";
		};
		94297AEA1E9E57DC008E127A /* Frameworks */ = {
			isa = PBXGroup;
			children = (
				94297AEF1E9E5949008E127A /* UIKit.framework */,
				94297AED1E9E57E2008E127A /* Foundation.framework */,
				94297AEB1E9E57DC008E127A /* CoreGraphics.framework */,
			);
			name = Frameworks;
			sourceTree = "<group>";
		};
/* End PBXGroup section */

/* Begin PBXNativeTarget section */
		9418541A1E75E1C800C1482D /* iOS_project_ryan */ = {
			isa = PBXNativeTarget;
			buildConfigurationList = 941854321E75E1C800C1482D /* Build configuration list for PBXNativeTarget "iOS_project_ryan" */;
			buildPhases = (
				941854171E75E1C800C1482D /* Sources */,
				941854181E75E1C800C1482D /* Frameworks */,
				941854191E75E1C800C1482D /* Resources */,
			);
			buildRules = (
			);
			dependencies = (
			);
			name = iOS_project_ryan;
			productName = iOS_project_ryan;
			productReference = 9418541B1E75E1C800C1482D /* iOS_project_ryan.app */;
			productType = "com.apple.product-type.application";
		};
/* End PBXNativeTarget section */

/* Begin PBXProject section */
		941854131E75E1C800C1482D /* Project object */ = {
			isa = PBXProject;
			attributes = {
				LastUpgradeCheck = 0820;
				ORGANIZATIONNAME = "Ryan Falcon";
				TargetAttributes = {
					9418541A1E75E1C800C1482D = {
						CreatedOnToolsVersion = 8.2;
						DevelopmentTeam = NLTF72QNU8;
						ProvisioningStyle = Automatic;
					};
				};
			};
			buildConfigurationList = 941854161E75E1C800C1482D /* Build configuration list for PBXProject "iOS_project_ryan" */;
			compatibilityVersion = "Xcode 3.2";
			developmentRegion = English;
			hasScannedForEncodings = 0;
			knownRegions = (
				en,
				Base,
			);
			mainGroup = 941854121E75E1C800C1482D;
			productRefGroup = 9418541C1E75E1C800C1482D /* Products */;
			projectDirPath = "";
			projectRoot = "";
			targets = (
				9418541A1E75E1C800C1482D /* iOS_project_ryan */,
			);
		};
/* End PBXProject section */

/* Begin PBXResourcesBuildPhase section */
		941854191E75E1C800C1482D /* Resources */ = {
			isa = PBXResourcesBuildPhase;
			buildActionMask = 2147483647;
			files = (
				9418545A1E7636F400C1482D /* Funny-Face_Glasses.png in Resources */,
				94297AF51E9E5FBA008E127A /* ghost.png in Resources */,
				9418545C1E7636F400C1482D /* glasses_pink.png in Resources */,
				9418545F1E7636F400C1482D /* heart.png in Resources */,
				941854501E7636D800C1482D /* person.png in Resources */,
				941854601E7636F400C1482D /* sparkle.png in Resources */,
				9418542E1E75E1C800C1482D /* LaunchScreen.storyboard in Resources */,
				941C7D041E8B451D00552BB6 /* sticker-background-selected.png in Resources */,
				9418545B1E7636F400C1482D /* glass-tina-fey.png in Resources */,
				941854611E7636F400C1482D /* Star-PNG-Clipart.png in Resources */,
				9418542B1E75E1C800C1482D /* Assets.xcassets in Resources */,
				9418545E1E7636F400C1482D /* hat.png in Resources */,
				9418545D1E7636F400C1482D /* hammer_PNG3888.png in Resources */,
				941854621E7636F400C1482D /* sword-png-16.png in Resources */,
				941854291E75E1C800C1482D /* Main.storyboard in Resources */,
			);
			runOnlyForDeploymentPostprocessing = 0;
		};
/* End PBXResourcesBuildPhase section */

/* Begin PBXSourcesBuildPhase section */
		941854171E75E1C800C1482D /* Sources */ = {
			isa = PBXSourcesBuildPhase;
			buildActionMask = 2147483647;
			files = (
				AEF9995F1E8D565A006CFF5E /* TemplateCollectionViewController.m in Sources */,
				941854411E761A7D00C1482D /* Picture.m in Sources */,
				941854261E75E1C800C1482D /* ViewController.m in Sources */,
				17213C681E8021B5000678DD /* HistoryViewController.m in Sources */,
				AEF787771E9DDB3200833CD3 /* Store.m in Sources */,
				941854231E75E1C800C1482D /* AppDelegate.m in Sources */,
				941854201E75E1C800C1482D /* main.m in Sources */,
				941854441E761A9300C1482D /* Sticker.m in Sources */,
				94297AF31E9E5B11008E127A /* UIImage+OrientationFix.m in Sources */,
				941854471E76264100C1482D /* FontViewController.m in Sources */,
				AEDE6A3A1E802896004E3015 /* UserViewController.m in Sources */,
				9418543A1E76185A00C1482D /* WebViewController.m in Sources */,
				17213C691E8021B5000678DD /* ShareViewController.m in Sources */,
				9418543D1E76186500C1482D /* EditViewController.m in Sources */,
			);
			runOnlyForDeploymentPostprocessing = 0;
		};
/* End PBXSourcesBuildPhase section */

/* Begin PBXVariantGroup section */
		941854271E75E1C800C1482D /* Main.storyboard */ = {
			isa = PBXVariantGroup;
			children = (
				941854281E75E1C800C1482D /* Base */,
			);
			name = Main.storyboard;
			sourceTree = "<group>";
		};
		9418542C1E75E1C800C1482D /* LaunchScreen.storyboard */ = {
			isa = PBXVariantGroup;
			children = (
				9418542D1E75E1C800C1482D /* Base */,
			);
			name = LaunchScreen.storyboard;
			sourceTree = "<group>";
		};
/* End PBXVariantGroup section */

/* Begin XCBuildConfiguration section */
		941854301E75E1C800C1482D /* Debug */ = {
			isa = XCBuildConfiguration;
			buildSettings = {
				ALWAYS_SEARCH_USER_PATHS = NO;
				CLANG_ANALYZER_NONNULL = YES;
				CLANG_CXX_LANGUAGE_STANDARD = "gnu++0x";
				CLANG_CXX_LIBRARY = "libc++";
				CLANG_ENABLE_MODULES = YES;
				CLANG_ENABLE_OBJC_ARC = YES;
				CLANG_WARN_BOOL_CONVERSION = YES;
				CLANG_WARN_CONSTANT_CONVERSION = YES;
				CLANG_WARN_DIRECT_OBJC_ISA_USAGE = YES_ERROR;
				CLANG_WARN_DOCUMENTATION_COMMENTS = YES;
				CLANG_WARN_EMPTY_BODY = YES;
				CLANG_WARN_ENUM_CONVERSION = YES;
				CLANG_WARN_INFINITE_RECURSION = YES;
				CLANG_WARN_INT_CONVERSION = YES;
				CLANG_WARN_OBJC_ROOT_CLASS = YES_ERROR;
				CLANG_WARN_SUSPICIOUS_MOVE = YES;
				CLANG_WARN_UNREACHABLE_CODE = YES;
				CLANG_WARN__DUPLICATE_METHOD_MATCH = YES;
				"CODE_SIGN_IDENTITY[sdk=iphoneos*]" = "iPhone Developer";
				COPY_PHASE_STRIP = NO;
				DEBUG_INFORMATION_FORMAT = dwarf;
				ENABLE_STRICT_OBJC_MSGSEND = YES;
				ENABLE_TESTABILITY = YES;
				GCC_C_LANGUAGE_STANDARD = gnu99;
				GCC_DYNAMIC_NO_PIC = NO;
				GCC_NO_COMMON_BLOCKS = YES;
				GCC_OPTIMIZATION_LEVEL = 0;
				GCC_PREPROCESSOR_DEFINITIONS = (
					"DEBUG=1",
					"$(inherited)",
				);
				GCC_WARN_64_TO_32_BIT_CONVERSION = YES;
				GCC_WARN_ABOUT_RETURN_TYPE = YES_ERROR;
				GCC_WARN_UNDECLARED_SELECTOR = YES;
				GCC_WARN_UNINITIALIZED_AUTOS = YES_AGGRESSIVE;
				GCC_WARN_UNUSED_FUNCTION = YES;
				GCC_WARN_UNUSED_VARIABLE = YES;
				IPHONEOS_DEPLOYMENT_TARGET = 10.2;
				MTL_ENABLE_DEBUG_INFO = YES;
				ONLY_ACTIVE_ARCH = YES;
				SDKROOT = iphoneos;
				TARGETED_DEVICE_FAMILY = "1,2";
			};
			name = Debug;
		};
		941854311E75E1C800C1482D /* Release */ = {
			isa = XCBuildConfiguration;
			buildSettings = {
				ALWAYS_SEARCH_USER_PATHS = NO;
				CLANG_ANALYZER_NONNULL = YES;
				CLANG_CXX_LANGUAGE_STANDARD = "gnu++0x";
				CLANG_CXX_LIBRARY = "libc++";
				CLANG_ENABLE_MODULES = YES;
				CLANG_ENABLE_OBJC_ARC = YES;
				CLANG_WARN_BOOL_CONVERSION = YES;
				CLANG_WARN_CONSTANT_CONVERSION = YES;
				CLANG_WARN_DIRECT_OBJC_ISA_USAGE = YES_ERROR;
				CLANG_WARN_DOCUMENTATION_COMMENTS = YES;
				CLANG_WARN_EMPTY_BODY = YES;
				CLANG_WARN_ENUM_CONVERSION = YES;
				CLANG_WARN_INFINITE_RECURSION = YES;
				CLANG_WARN_INT_CONVERSION = YES;
				CLANG_WARN_OBJC_ROOT_CLASS = YES_ERROR;
				CLANG_WARN_SUSPICIOUS_MOVE = YES;
				CLANG_WARN_UNREACHABLE_CODE = YES;
				CLANG_WARN__DUPLICATE_METHOD_MATCH = YES;
				"CODE_SIGN_IDENTITY[sdk=iphoneos*]" = "iPhone Developer";
				COPY_PHASE_STRIP = NO;
				DEBUG_INFORMATION_FORMAT = "dwarf-with-dsym";
				ENABLE_NS_ASSERTIONS = NO;
				ENABLE_STRICT_OBJC_MSGSEND = YES;
				GCC_C_LANGUAGE_STANDARD = gnu99;
				GCC_NO_COMMON_BLOCKS = YES;
				GCC_WARN_64_TO_32_BIT_CONVERSION = YES;
				GCC_WARN_ABOUT_RETURN_TYPE = YES_ERROR;
				GCC_WARN_UNDECLARED_SELECTOR = YES;
				GCC_WARN_UNINITIALIZED_AUTOS = YES_AGGRESSIVE;
				GCC_WARN_UNUSED_FUNCTION = YES;
				GCC_WARN_UNUSED_VARIABLE = YES;
				IPHONEOS_DEPLOYMENT_TARGET = 10.2;
				MTL_ENABLE_DEBUG_INFO = NO;
				SDKROOT = iphoneos;
				TARGETED_DEVICE_FAMILY = "1,2";
				VALIDATE_PRODUCT = YES;
			};
			name = Release;
		};
		941854331E75E1C800C1482D /* Debug */ = {
			isa = XCBuildConfiguration;
			buildSettings = {
				ASSETCATALOG_COMPILER_APPICON_NAME = AppIcon;
				DEVELOPMENT_TEAM = NLTF72QNU8;
				INFOPLIST_FILE = iOS_project_ryan/Info.plist;
				LD_RUNPATH_SEARCH_PATHS = "$(inherited) @executable_path/Frameworks";
				PRODUCT_BUNDLE_IDENTIFIER = "Ryan-Falcon.iOS-project-ryan";
				PRODUCT_NAME = "$(TARGET_NAME)";
			};
			name = Debug;
		};
		941854341E75E1C800C1482D /* Release */ = {
			isa = XCBuildConfiguration;
			buildSettings = {
				ASSETCATALOG_COMPILER_APPICON_NAME = AppIcon;
				DEVELOPMENT_TEAM = NLTF72QNU8;
				INFOPLIST_FILE = iOS_project_ryan/Info.plist;
				LD_RUNPATH_SEARCH_PATHS = "$(inherited) @executable_path/Frameworks";
				PRODUCT_BUNDLE_IDENTIFIER = "Ryan-Falcon.iOS-project-ryan";
				PRODUCT_NAME = "$(TARGET_NAME)";
			};
			name = Release;
		};
/* End XCBuildConfiguration section */

/* Begin XCConfigurationList section */
		941854161E75E1C800C1482D /* Build configuration list for PBXProject "iOS_project_ryan" */ = {
			isa = XCConfigurationList;
			buildConfigurations = (
				941854301E75E1C800C1482D /* Debug */,
				941854311E75E1C800C1482D /* Release */,
			);
			defaultConfigurationIsVisible = 0;
			defaultConfigurationName = Release;
		};
		941854321E75E1C800C1482D /* Build configuration list for PBXNativeTarget "iOS_project_ryan" */ = {
			isa = XCConfigurationList;
			buildConfigurations = (
				941854331E75E1C800C1482D /* Debug */,
				941854341E75E1C800C1482D /* Release */,
			);
			defaultConfigurationIsVisible = 0;
			defaultConfigurationName = Release;
		};
/* End XCConfigurationList section */
	};
	rootObject = 941854131E75E1C800C1482D /* Project object */;
}
